
Microsoft Visual Studio Solution File, Format Version 12.00
# Visual Studio Version 17
VisualStudioVersion = 17.2.32526.322
MinimumVisualStudioVersion = 10.0.40219.1
Project("{2150E333-8FDC-42A3-9474-1A3956D46DE8}") = "UWPApp", "UWPApp", "{33E93A1E-9802-4C90-B39D-5B037F4DF846}"
EndProject
Project("{2150E333-8FDC-42A3-9474-1A3956D46DE8}") = "ClientApp", "ClientApp", "{30823392-AD87-432C-89A2-F5D37272AFAB}"
EndProject
Project("{2150E333-8FDC-42A3-9474-1A3956D46DE8}") = "AdminApp", "AdminApp", "{B10759ED-83CB-4F53-A175-CBE0DD9364EC}"
EndProject
Project("{FAE04EC0-301F-11D3-BF4B-00C04F79EFBC}") = "AdminApp", "AdminApp\AdminApp.csproj", "{E9602162-187A-4C5E-A17E-FCA082DE1840}"
EndProject
Project("{FAE04EC0-301F-11D3-BF4B-00C04F79EFBC}") = "ClientApp", "ClientApp\ClientApp.csproj", "{C8166DEF-A9AC-4E34-8A5D-2DEF6EBD207A}"
EndProject
Project("{2150E333-8FDC-42A3-9474-1A3956D46DE8}") = "Common", "Common", "{80126196-0351-4B38-A649-3AC11F611BD1}"
EndProject
Project("{2150E333-8FDC-42A3-9474-1A3956D46DE8}") = "Repository", "Repository", "{EA385698-DB06-4CC5-A7A4-2E92EBAACA9A}"
EndProject
Project("{2150E333-8FDC-42A3-9474-1A3956D46DE8}") = "Infrastructure", "Infrastructure", "{B2F462A1-2C29-4E30-A65C-0F65FFAB8284}"
EndProject
Project("{9A19103F-16F7-4668-BE54-9A1E7A4F7556}") = "Common", "Common\Common.csproj", "{855B1A7F-0BEA-48AB-A282-0EBF156B18BA}"
EndProject
Project("{9A19103F-16F7-4668-BE54-9A1E7A4F7556}") = "Infrastructure", "Infrastructure\Infrastructure.csproj", "{51EC9998-880E-4691-977C-E135E2FB9120}"
EndProject
Project("{9A19103F-16F7-4668-BE54-9A1E7A4F7556}") = "Repository", "Repository\Repository.csproj", "{C782C5DF-6CCB-44BF-B78A-52498C842371}"
EndProject
Project("{2150E333-8FDC-42A3-9474-1A3956D46DE8}") = "API", "API", "{3C8E6C44-FF08-4D18-80DD-38AAE5707F2D}"
EndProject
Project("{9A19103F-16F7-4668-BE54-9A1E7A4F7556}") = "ImageRecongnitionApi", "Api\ImageRecongnitionApi.csproj", "{78002670-D9ED-4F58-A173-A4A39E183E09}"
EndProject
Project("{2150E333-8FDC-42A3-9474-1A3956D46DE8}") = "Shared", "Shared", "{7C9D4771-D900-4AED-A6DD-F57781FAE194}"
EndProject
Project("{FAE04EC0-301F-11D3-BF4B-00C04F79EFBC}") = "Shared", "Shared\Shared.csproj", "{9F393F1C-5544-4A1C-A2BE-AE956913F336}"
EndProject
Global
	GlobalSection(SolutionConfigurationPlatforms) = preSolution
		Debug|Any CPU = Debug|Any CPU
		Debug|ARM = Debug|ARM
		Debug|ARM64 = Debug|ARM64
		Debug|x64 = Debug|x64
		Debug|x86 = Debug|x86
		Release|Any CPU = Release|Any CPU
		Release|ARM = Release|ARM
		Release|ARM64 = Release|ARM64
		Release|x64 = Release|x64
		Release|x86 = Release|x86
	EndGlobalSection
	GlobalSection(ProjectConfigurationPlatforms) = postSolution
		{E9602162-187A-4C5E-A17E-FCA082DE1840}.Debug|Any CPU.ActiveCfg = Debug|x64
		{E9602162-187A-4C5E-A17E-FCA082DE1840}.Debug|Any CPU.Build.0 = Debug|x64
		{E9602162-187A-4C5E-A17E-FCA082DE1840}.Debug|Any CPU.Deploy.0 = Debug|x64
		{E9602162-187A-4C5E-A17E-FCA082DE1840}.Debug|ARM.ActiveCfg = Debug|ARM
		{E9602162-187A-4C5E-A17E-FCA082DE1840}.Debug|ARM.Build.0 = Debug|ARM
		{E9602162-187A-4C5E-A17E-FCA082DE1840}.Debug|ARM.Deploy.0 = Debug|ARM
		{E9602162-187A-4C5E-A17E-FCA082DE1840}.Debug|ARM64.ActiveCfg = Debug|ARM64
		{E9602162-187A-4C5E-A17E-FCA082DE1840}.Debug|ARM64.Build.0 = Debug|ARM64
		{E9602162-187A-4C5E-A17E-FCA082DE1840}.Debug|ARM64.Deploy.0 = Debug|ARM64
		{E9602162-187A-4C5E-A17E-FCA082DE1840}.Debug|x64.ActiveCfg = Debug|x64
		{E9602162-187A-4C5E-A17E-FCA082DE1840}.Debug|x64.Build.0 = Debug|x64
		{E9602162-187A-4C5E-A17E-FCA082DE1840}.Debug|x64.Deploy.0 = Debug|x64
		{E9602162-187A-4C5E-A17E-FCA082DE1840}.Debug|x86.ActiveCfg = Debug|x86
		{E9602162-187A-4C5E-A17E-FCA082DE1840}.Debug|x86.Build.0 = Debug|x86
		{E9602162-187A-4C5E-A17E-FCA082DE1840}.Debug|x86.Deploy.0 = Debug|x86
		{E9602162-187A-4C5E-A17E-FCA082DE1840}.Release|Any CPU.ActiveCfg = Release|x64
		{E9602162-187A-4C5E-A17E-FCA082DE1840}.Release|Any CPU.Build.0 = Release|x64
		{E9602162-187A-4C5E-A17E-FCA082DE1840}.Release|Any CPU.Deploy.0 = Release|x64
		{E9602162-187A-4C5E-A17E-FCA082DE1840}.Release|ARM.ActiveCfg = Release|ARM
		{E9602162-187A-4C5E-A17E-FCA082DE1840}.Release|ARM.Build.0 = Release|ARM
		{E9602162-187A-4C5E-A17E-FCA082DE1840}.Release|ARM.Deploy.0 = Release|ARM
		{E9602162-187A-4C5E-A17E-FCA082DE1840}.Release|ARM64.ActiveCfg = Release|ARM64
		{E9602162-187A-4C5E-A17E-FCA082DE1840}.Release|ARM64.Build.0 = Release|ARM64
		{E9602162-187A-4C5E-A17E-FCA082DE1840}.Release|ARM64.Deploy.0 = Release|ARM64
		{E9602162-187A-4C5E-A17E-FCA082DE1840}.Release|x64.ActiveCfg = Release|x64
		{E9602162-187A-4C5E-A17E-FCA082DE1840}.Release|x64.Build.0 = Release|x64
		{E9602162-187A-4C5E-A17E-FCA082DE1840}.Release|x64.Deploy.0 = Release|x64
		{E9602162-187A-4C5E-A17E-FCA082DE1840}.Release|x86.ActiveCfg = Release|x86
		{E9602162-187A-4C5E-A17E-FCA082DE1840}.Release|x86.Build.0 = Release|x86
		{E9602162-187A-4C5E-A17E-FCA082DE1840}.Release|x86.Deploy.0 = Release|x86
		{C8166DEF-A9AC-4E34-8A5D-2DEF6EBD207A}.Debug|Any CPU.ActiveCfg = Debug|x64
		{C8166DEF-A9AC-4E34-8A5D-2DEF6EBD207A}.Debug|Any CPU.Build.0 = Debug|x64
		{C8166DEF-A9AC-4E34-8A5D-2DEF6EBD207A}.Debug|Any CPU.Deploy.0 = Debug|x64
		{C8166DEF-A9AC-4E34-8A5D-2DEF6EBD207A}.Debug|ARM.ActiveCfg = Debug|ARM
		{C8166DEF-A9AC-4E34-8A5D-2DEF6EBD207A}.Debug|ARM.Build.0 = Debug|ARM
		{C8166DEF-A9AC-4E34-8A5D-2DEF6EBD207A}.Debug|ARM.Deploy.0 = Debug|ARM
		{C8166DEF-A9AC-4E34-8A5D-2DEF6EBD207A}.Debug|ARM64.ActiveCfg = Debug|ARM64
		{C8166DEF-A9AC-4E34-8A5D-2DEF6EBD207A}.Debug|ARM64.Build.0 = Debug|ARM64
		{C8166DEF-A9AC-4E34-8A5D-2DEF6EBD207A}.Debug|ARM64.Deploy.0 = Debug|ARM64
		{C8166DEF-A9AC-4E34-8A5D-2DEF6EBD207A}.Debug|x64.ActiveCfg = Debug|x64
		{C8166DEF-A9AC-4E34-8A5D-2DEF6EBD207A}.Debug|x64.Build.0 = Debug|x64
		{C8166DEF-A9AC-4E34-8A5D-2DEF6EBD207A}.Debug|x64.Deploy.0 = Debug|x64
		{C8166DEF-A9AC-4E34-8A5D-2DEF6EBD207A}.Debug|x86.ActiveCfg = Debug|x86
		{C8166DEF-A9AC-4E34-8A5D-2DEF6EBD207A}.Debug|x86.Build.0 = Debug|x86
		{C8166DEF-A9AC-4E34-8A5D-2DEF6EBD207A}.Debug|x86.Deploy.0 = Debug|x86
		{C8166DEF-A9AC-4E34-8A5D-2DEF6EBD207A}.Release|Any CPU.ActiveCfg = Release|x64
		{C8166DEF-A9AC-4E34-8A5D-2DEF6EBD207A}.Release|Any CPU.Build.0 = Release|x64
		{C8166DEF-A9AC-4E34-8A5D-2DEF6EBD207A}.Release|Any CPU.Deploy.0 = Release|x64
		{C8166DEF-A9AC-4E34-8A5D-2DEF6EBD207A}.Release|ARM.ActiveCfg = Release|ARM
		{C8166DEF-A9AC-4E34-8A5D-2DEF6EBD207A}.Release|ARM.Build.0 = Release|ARM
		{C8166DEF-A9AC-4E34-8A5D-2DEF6EBD207A}.Release|ARM.Deploy.0 = Release|ARM
		{C8166DEF-A9AC-4E34-8A5D-2DEF6EBD207A}.Release|ARM64.ActiveCfg = Release|ARM64
		{C8166DEF-A9AC-4E34-8A5D-2DEF6EBD207A}.Release|ARM64.Build.0 = Release|ARM64
		{C8166DEF-A9AC-4E34-8A5D-2DEF6EBD207A}.Release|ARM64.Deploy.0 = Release|ARM64
		{C8166DEF-A9AC-4E34-8A5D-2DEF6EBD207A}.Release|x64.ActiveCfg = Release|x64
		{C8166DEF-A9AC-4E34-8A5D-2DEF6EBD207A}.Release|x64.Build.0 = Release|x64
		{C8166DEF-A9AC-4E34-8A5D-2DEF6EBD207A}.Release|x64.Deploy.0 = Release|x64
		{C8166DEF-A9AC-4E34-8A5D-2DEF6EBD207A}.Release|x86.ActiveCfg = Release|x86
		{C8166DEF-A9AC-4E34-8A5D-2DEF6EBD207A}.Release|x86.Build.0 = Release|x86
		{C8166DEF-A9AC-4E34-8A5D-2DEF6EBD207A}.Release|x86.Deploy.0 = Release|x86
		{855B1A7F-0BEA-48AB-A282-0EBF156B18BA}.Debug|Any CPU.ActiveCfg = Debug|Any CPU
		{855B1A7F-0BEA-48AB-A282-0EBF156B18BA}.Debug|Any CPU.Build.0 = Debug|Any CPU
		{855B1A7F-0BEA-48AB-A282-0EBF156B18BA}.Debug|ARM.ActiveCfg = Debug|Any CPU
		{855B1A7F-0BEA-48AB-A282-0EBF156B18BA}.Debug|ARM.Build.0 = Debug|Any CPU
		{855B1A7F-0BEA-48AB-A282-0EBF156B18BA}.Debug|ARM64.ActiveCfg = Debug|Any CPU
		{855B1A7F-0BEA-48AB-A282-0EBF156B18BA}.Debug|ARM64.Build.0 = Debug|Any CPU
		{855B1A7F-0BEA-48AB-A282-0EBF156B18BA}.Debug|x64.ActiveCfg = Debug|Any CPU
		{855B1A7F-0BEA-48AB-A282-0EBF156B18BA}.Debug|x64.Build.0 = Debug|Any CPU
		{855B1A7F-0BEA-48AB-A282-0EBF156B18BA}.Debug|x86.ActiveCfg = Debug|Any CPU
		{855B1A7F-0BEA-48AB-A282-0EBF156B18BA}.Debug|x86.Build.0 = Debug|Any CPU
		{855B1A7F-0BEA-48AB-A282-0EBF156B18BA}.Release|Any CPU.ActiveCfg = Release|Any CPU
		{855B1A7F-0BEA-48AB-A282-0EBF156B18BA}.Release|Any CPU.Build.0 = Release|Any CPU
		{855B1A7F-0BEA-48AB-A282-0EBF156B18BA}.Release|ARM.ActiveCfg = Release|Any CPU
		{855B1A7F-0BEA-48AB-A282-0EBF156B18BA}.Release|ARM.Build.0 = Release|Any CPU
		{855B1A7F-0BEA-48AB-A282-0EBF156B18BA}.Release|ARM64.ActiveCfg = Release|Any CPU
		{855B1A7F-0BEA-48AB-A282-0EBF156B18BA}.Release|ARM64.Build.0 = Release|Any CPU
		{855B1A7F-0BEA-48AB-A282-0EBF156B18BA}.Release|x64.ActiveCfg = Release|Any CPU
		{855B1A7F-0BEA-48AB-A282-0EBF156B18BA}.Release|x64.Build.0 = Release|Any CPU
		{855B1A7F-0BEA-48AB-A282-0EBF156B18BA}.Release|x86.ActiveCfg = Release|Any CPU
		{855B1A7F-0BEA-48AB-A282-0EBF156B18BA}.Release|x86.Build.0 = Release|Any CPU
		{51EC9998-880E-4691-977C-E135E2FB9120}.Debug|Any CPU.ActiveCfg = Debug|Any CPU
		{51EC9998-880E-4691-977C-E135E2FB9120}.Debug|Any CPU.Build.0 = Debug|Any CPU
		{51EC9998-880E-4691-977C-E135E2FB9120}.Debug|ARM.ActiveCfg = Debug|Any CPU
		{51EC9998-880E-4691-977C-E135E2FB9120}.Debug|ARM.Build.0 = Debug|Any CPU
		{51EC9998-880E-4691-977C-E135E2FB9120}.Debug|ARM64.ActiveCfg = Debug|Any CPU
		{51EC9998-880E-4691-977C-E135E2FB9120}.Debug|ARM64.Build.0 = Debug|Any CPU
		{51EC9998-880E-4691-977C-E135E2FB9120}.Debug|x64.ActiveCfg = Debug|Any CPU
		{51EC9998-880E-4691-977C-E135E2FB9120}.Debug|x64.Build.0 = Debug|Any CPU
		{51EC9998-880E-4691-977C-E135E2FB9120}.Debug|x86.ActiveCfg = Debug|Any CPU
		{51EC9998-880E-4691-977C-E135E2FB9120}.Debug|x86.Build.0 = Debug|Any CPU
		{51EC9998-880E-4691-977C-E135E2FB9120}.Release|Any CPU.ActiveCfg = Release|Any CPU
		{51EC9998-880E-4691-977C-E135E2FB9120}.Release|Any CPU.Build.0 = Release|Any CPU
		{51EC9998-880E-4691-977C-E135E2FB9120}.Release|ARM.ActiveCfg = Release|Any CPU
		{51EC9998-880E-4691-977C-E135E2FB9120}.Release|ARM.Build.0 = Release|Any CPU
		{51EC9998-880E-4691-977C-E135E2FB9120}.Release|ARM64.ActiveCfg = Release|Any CPU
		{51EC9998-880E-4691-977C-E135E2FB9120}.Release|ARM64.Build.0 = Release|Any CPU
		{51EC9998-880E-4691-977C-E135E2FB9120}.Release|x64.ActiveCfg = Release|Any CPU
		{51EC9998-880E-4691-977C-E135E2FB9120}.Release|x64.Build.0 = Release|Any CPU
		{51EC9998-880E-4691-977C-E135E2FB9120}.Release|x86.ActiveCfg = Release|Any CPU
		{51EC9998-880E-4691-977C-E135E2FB9120}.Release|x86.Build.0 = Release|Any CPU
		{C782C5DF-6CCB-44BF-B78A-52498C842371}.Debug|Any CPU.ActiveCfg = Debug|Any CPU
		{C782C5DF-6CCB-44BF-B78A-52498C842371}.Debug|Any CPU.Build.0 = Debug|Any CPU
		{C782C5DF-6CCB-44BF-B78A-52498C842371}.Debug|ARM.ActiveCfg = Debug|Any CPU
		{C782C5DF-6CCB-44BF-B78A-52498C842371}.Debug|ARM.Build.0 = Debug|Any CPU
		{C782C5DF-6CCB-44BF-B78A-52498C842371}.Debug|ARM64.ActiveCfg = Debug|Any CPU
		{C782C5DF-6CCB-44BF-B78A-52498C842371}.Debug|ARM64.Build.0 = Debug|Any CPU
		{C782C5DF-6CCB-44BF-B78A-52498C842371}.Debug|x64.ActiveCfg = Debug|Any CPU
		{C782C5DF-6CCB-44BF-B78A-52498C842371}.Debug|x64.Build.0 = Debug|Any CPU
		{C782C5DF-6CCB-44BF-B78A-52498C842371}.Debug|x86.ActiveCfg = Debug|Any CPU
		{C782C5DF-6CCB-44BF-B78A-52498C842371}.Debug|x86.Build.0 = Debug|Any CPU
		{C782C5DF-6CCB-44BF-B78A-52498C842371}.Release|Any CPU.ActiveCfg = Release|Any CPU
		{C782C5DF-6CCB-44BF-B78A-52498C842371}.Release|Any CPU.Build.0 = Release|Any CPU
		{C782C5DF-6CCB-44BF-B78A-52498C842371}.Release|ARM.ActiveCfg = Release|Any CPU
		{C782C5DF-6CCB-44BF-B78A-52498C842371}.Release|ARM.Build.0 = Release|Any CPU
		{C782C5DF-6CCB-44BF-B78A-52498C842371}.Release|ARM64.ActiveCfg = Release|Any CPU
		{C782C5DF-6CCB-44BF-B78A-52498C842371}.Release|ARM64.Build.0 = Release|Any CPU
		{C782C5DF-6CCB-44BF-B78A-52498C842371}.Release|x64.ActiveCfg = Release|Any CPU
		{C782C5DF-6CCB-44BF-B78A-52498C842371}.Release|x64.Build.0 = Release|Any CPU
		{C782C5DF-6CCB-44BF-B78A-52498C842371}.Release|x86.ActiveCfg = Release|Any CPU
		{C782C5DF-6CCB-44BF-B78A-52498C842371}.Release|x86.Build.0 = Release|Any CPU
		{78002670-D9ED-4F58-A173-A4A39E183E09}.Debug|Any CPU.ActiveCfg = Debug|Any CPU
		{78002670-D9ED-4F58-A173-A4A39E183E09}.Debug|Any CPU.Build.0 = Debug|Any CPU
		{78002670-D9ED-4F58-A173-A4A39E183E09}.Debug|ARM.ActiveCfg = Debug|Any CPU
		{78002670-D9ED-4F58-A173-A4A39E183E09}.Debug|ARM.Build.0 = Debug|Any CPU
		{78002670-D9ED-4F58-A173-A4A39E183E09}.Debug|ARM64.ActiveCfg = Debug|Any CPU
		{78002670-D9ED-4F58-A173-A4A39E183E09}.Debug|ARM64.Build.0 = Debug|Any CPU
		{78002670-D9ED-4F58-A173-A4A39E183E09}.Debug|x64.ActiveCfg = Debug|Any CPU
		{78002670-D9ED-4F58-A173-A4A39E183E09}.Debug|x64.Build.0 = Debug|Any CPU
		{78002670-D9ED-4F58-A173-A4A39E183E09}.Debug|x86.ActiveCfg = Debug|Any CPU
		{78002670-D9ED-4F58-A173-A4A39E183E09}.Debug|x86.Build.0 = Debug|Any CPU
		{78002670-D9ED-4F58-A173-A4A39E183E09}.Release|Any CPU.ActiveCfg = Release|Any CPU
		{78002670-D9ED-4F58-A173-A4A39E183E09}.Release|Any CPU.Build.0 = Release|Any CPU
		{78002670-D9ED-4F58-A173-A4A39E183E09}.Release|ARM.ActiveCfg = Release|Any CPU
		{78002670-D9ED-4F58-A173-A4A39E183E09}.Release|ARM.Build.0 = Release|Any CPU
		{78002670-D9ED-4F58-A173-A4A39E183E09}.Release|ARM64.ActiveCfg = Release|Any CPU
		{78002670-D9ED-4F58-A173-A4A39E183E09}.Release|ARM64.Build.0 = Release|Any CPU
		{78002670-D9ED-4F58-A173-A4A39E183E09}.Release|x64.ActiveCfg = Release|Any CPU
		{78002670-D9ED-4F58-A173-A4A39E183E09}.Release|x64.Build.0 = Release|Any CPU
		{78002670-D9ED-4F58-A173-A4A39E183E09}.Release|x86.ActiveCfg = Release|Any CPU
		{78002670-D9ED-4F58-A173-A4A39E183E09}.Release|x86.Build.0 = Release|Any CPU
		{9F393F1C-5544-4A1C-A2BE-AE956913F336}.Debug|Any CPU.ActiveCfg = Debug|Any CPU
		{9F393F1C-5544-4A1C-A2BE-AE956913F336}.Debug|Any CPU.Build.0 = Debug|Any CPU
		{9F393F1C-5544-4A1C-A2BE-AE956913F336}.Debug|ARM.ActiveCfg = Debug|ARM
		{9F393F1C-5544-4A1C-A2BE-AE956913F336}.Debug|ARM.Build.0 = Debug|ARM
		{9F393F1C-5544-4A1C-A2BE-AE956913F336}.Debug|ARM64.ActiveCfg = Debug|ARM64
		{9F393F1C-5544-4A1C-A2BE-AE956913F336}.Debug|ARM64.Build.0 = Debug|ARM64
		{9F393F1C-5544-4A1C-A2BE-AE956913F336}.Debug|x64.ActiveCfg = Debug|x64
		{9F393F1C-5544-4A1C-A2BE-AE956913F336}.Debug|x64.Build.0 = Debug|x64
		{9F393F1C-5544-4A1C-A2BE-AE956913F336}.Debug|x86.ActiveCfg = Debug|x86
		{9F393F1C-5544-4A1C-A2BE-AE956913F336}.Debug|x86.Build.0 = Debug|x86
		{9F393F1C-5544-4A1C-A2BE-AE956913F336}.Release|Any CPU.ActiveCfg = Release|Any CPU
		{9F393F1C-5544-4A1C-A2BE-AE956913F336}.Release|Any CPU.Build.0 = Release|Any CPU
		{9F393F1C-5544-4A1C-A2BE-AE956913F336}.Release|ARM.ActiveCfg = Release|ARM
		{9F393F1C-5544-4A1C-A2BE-AE956913F336}.Release|ARM.Build.0 = Release|ARM
		{9F393F1C-5544-4A1C-A2BE-AE956913F336}.Release|ARM64.ActiveCfg = Release|ARM64
		{9F393F1C-5544-4A1C-A2BE-AE956913F336}.Release|ARM64.Build.0 = Release|ARM64
		{9F393F1C-5544-4A1C-A2BE-AE956913F336}.Release|x64.ActiveCfg = Release|x64
		{9F393F1C-5544-4A1C-A2BE-AE956913F336}.Release|x64.Build.0 = Release|x64
		{9F393F1C-5544-4A1C-A2BE-AE956913F336}.Release|x86.ActiveCfg = Release|x86
		{9F393F1C-5544-4A1C-A2BE-AE956913F336}.Release|x86.Build.0 = Release|x86
	EndGlobalSection
	GlobalSection(SolutionProperties) = preSolution
		HideSolutionNode = FALSE
	EndGlobalSection
	GlobalSection(NestedProjects) = preSolution
		{30823392-AD87-432C-89A2-F5D37272AFAB} = {33E93A1E-9802-4C90-B39D-5B037F4DF846}
		{B10759ED-83CB-4F53-A175-CBE0DD9364EC} = {33E93A1E-9802-4C90-B39D-5B037F4DF846}
		{E9602162-187A-4C5E-A17E-FCA082DE1840} = {B10759ED-83CB-4F53-A175-CBE0DD9364EC}
		{C8166DEF-A9AC-4E34-8A5D-2DEF6EBD207A} = {30823392-AD87-432C-89A2-F5D37272AFAB}
		{855B1A7F-0BEA-48AB-A282-0EBF156B18BA} = {80126196-0351-4B38-A649-3AC11F611BD1}
		{51EC9998-880E-4691-977C-E135E2FB9120} = {B2F462A1-2C29-4E30-A65C-0F65FFAB8284}
		{C782C5DF-6CCB-44BF-B78A-52498C842371} = {EA385698-DB06-4CC5-A7A4-2E92EBAACA9A}
		{78002670-D9ED-4F58-A173-A4A39E183E09} = {3C8E6C44-FF08-4D18-80DD-38AAE5707F2D}
		{9F393F1C-5544-4A1C-A2BE-AE956913F336} = {7C9D4771-D900-4AED-A6DD-F57781FAE194}
	EndGlobalSection
	GlobalSection(ExtensibilityGlobals) = postSolution
		SolutionGuid = {2E6FF6B6-D66B-4C68-8A45-FA5F70346A6F}
	EndGlobalSection
EndGlobal
